
Microsoft Visual Studio Solution File, Format Version 12.00
# Visual Studio Version 16
VisualStudioVersion = 16.0.30717.126
MinimumVisualStudioVersion = 10.0.40219.1
Project("{9A19103F-16F7-4668-BE54-9A1E7A4F7556}") = "Journal", "Journal.csproj", "{DED7BC8A-8978-4780-963F-387AA203409A}"
EndProject
Global
	GlobalSection(SolutionConfigurationPlatforms) = preSolution
		Debug|Any CPU = Debug|Any CPU
		Release|Any CPU = Release|Any CPU
	EndGlobalSection
	GlobalSection(ProjectConfigurationPlatforms) = postSolution
		{DED7BC8A-8978-4780-963F-387AA203409A}.Debug|Any CPU.ActiveCfg = Debug|Any CPU
		{DED7BC8A-8978-4780-963F-387AA203409A}.Debug|Any CPU.Build.0 = Debug|Any CPU
		{DED7BC8A-8978-4780-963F-387AA203409A}.Release|Any CPU.ActiveCfg = Release|Any CPU
		{DED7BC8A-8978-4780-963F-387AA203409A}.Release|Any CPU.Build.0 = Release|Any CPU
	EndGlobalSection
	GlobalSection(SolutionProperties) = preSolution
		HideSolutionNode = FALSE
	EndGlobalSection
	GlobalSection(ExtensibilityGlobals) = postSolution
		SolutionGuid = {9760FD32-95B0-4412-8DBE-71E194879234}
	EndGlobalSection
EndGlobal
